
Microsoft Visual Studio Solution File, Format Version 12.00
# Visual Studio Version 17
VisualStudioVersion = 17.10.35027.167
MinimumVisualStudioVersion = 10.0.40219.1
Project("{FAE04EC0-301F-11D3-BF4B-00C04F79EFBC}") = "Variables", "Variables.csproj", "{3DCCBE66-6F73-43D2-86F6-191BEADD1C6E}"
EndProject
Global
	GlobalSection(SolutionConfigurationPlatforms) = preSolution
		Debug|Any CPU = Debug|Any CPU
		Release|Any CPU = Release|Any CPU
	EndGlobalSection
	GlobalSection(ProjectConfigurationPlatforms) = postSolution
		{3DCCBE66-6F73-43D2-86F6-191BEADD1C6E}.Debug|Any CPU.ActiveCfg = Debug|Any CPU
		{3DCCBE66-6F73-43D2-86F6-191BEADD1C6E}.Debug|Any CPU.Build.0 = Debug|Any CPU
		{3DCCBE66-6F73-43D2-86F6-191BEADD1C6E}.Release|Any CPU.ActiveCfg = Release|Any CPU
		{3DCCBE66-6F73-43D2-86F6-191BEADD1C6E}.Release|Any CPU.Build.0 = Release|Any CPU
	EndGlobalSection
	GlobalSection(SolutionProperties) = preSolution
		HideSolutionNode = FALSE
	EndGlobalSection
	GlobalSection(ExtensibilityGlobals) = postSolution
		SolutionGuid = {1B848C8F-D236-46C3-91FB-2293F87B2490}
	EndGlobalSection
EndGlobal
